
Microsoft Visual Studio Solution File, Format Version 12.00
# Visual Studio 14
VisualStudioVersion = 14.0.23107.0
MinimumVisualStudioVersion = 10.0.40219.1
Project("{2150E333-8FDC-42A3-9474-1A3956D46DE8}") = "Admin", "Admin", "{780EE1DE-AEC8-48E9-B291-7A38DC301826}"
EndProject
Project("{FAE04EC0-301F-11D3-BF4B-00C04F79EFBC}") = "OKS.Admin", "Admin\OKS.Admin\OKS.Admin.csproj", "{1CA6DC2C-D907-4A3B-B603-B886B49DB52E}"
EndProject
Project("{2150E333-8FDC-42A3-9474-1A3956D46DE8}") = "Config", "Config", "{80508B7D-12F4-481B-9254-6BCF059148FC}"
EndProject
Project("{FAE04EC0-301F-11D3-BF4B-00C04F79EFBC}") = "OKS.Report", "Modules\OKS.Report\OKS.Report.csproj", "{D53372DA-5BF5-4917-9DF9-E07E155851FB}"
EndProject
Project("{FAE04EC0-301F-11D3-BF4B-00C04F79EFBC}") = "OKS.Member", "Modules\OKS.Member\OKS.Member.csproj", "{1F7D42E8-17B9-4ABC-B7A7-8B8B4D367C88}"
EndProject
Project("{2150E333-8FDC-42A3-9474-1A3956D46DE8}") = "Service", "Service", "{9C6205F6-78E6-4ED8-80BE-0C759465D811}"
EndProject
Project("{2150E333-8FDC-42A3-9474-1A3956D46DE8}") = "Model", "Model", "{664AC1D6-D292-4616-AE2F-02BEBCD5650A}"
EndProject
Project("{2150E333-8FDC-42A3-9474-1A3956D46DE8}") = "Modules", "Modules", "{C103CE6C-84C6-4347-8638-D9FEC1DDEBC8}"
EndProject
Project("{FAE04EC0-301F-11D3-BF4B-00C04F79EFBC}") = "OKS.Product", "Modules\OKS.Product\OKS.Product.csproj", "{F4AA4056-D923-46B3-A511-34641FCA12A2}"
EndProject
Project("{FAE04EC0-301F-11D3-BF4B-00C04F79EFBC}") = "OKS.WorkFlow", "Modules\OKS.WorkFlow\OKS.WorkFlow.csproj", "{EE5A09FC-2610-4E4E-B39C-7E7BFE8D79E5}"
EndProject
Project("{FAE04EC0-301F-11D3-BF4B-00C04F79EFBC}") = "OKS.Business", "Modules\OKS.Business\OKS.Business.csproj", "{077AAB50-3BE3-4787-ACEC-121BEECCD778}"
EndProject
Project("{2150E333-8FDC-42A3-9474-1A3956D46DE8}") = "Trade", "Trade", "{C37F76E2-100D-46D6-AE01-5C810B69DC42}"
EndProject
Project("{FAE04EC0-301F-11D3-BF4B-00C04F79EFBC}") = "OKS.Trade.Base", "Trade\OKS.Trade.Base\OKS.Trade.Base.csproj", "{F99FA016-867F-4E45-B27E-D469513E6DDA}"
EndProject
Project("{FAE04EC0-301F-11D3-BF4B-00C04F79EFBC}") = "OKS.Trade.Many", "Trade\OKS.Trade.Many\OKS.Trade.Many.csproj", "{23F9713B-C54B-452E-B102-E1465A3D1EDC}"
EndProject
Project("{FAE04EC0-301F-11D3-BF4B-00C04F79EFBC}") = "OKS.Service", "Service\OKS.Service\OKS.Service.csproj", "{9E42C235-DD26-4973-9826-36D9C8B0AD1F}"
EndProject
Project("{FAE04EC0-301F-11D3-BF4B-00C04F79EFBC}") = "OKS.Activity", "Modules\OKS.Activity\OKS.Activity.csproj", "{E71FBF9D-A541-4717-BC58-7B93A749375D}"
EndProject
Project("{FAE04EC0-301F-11D3-BF4B-00C04F79EFBC}") = "OKS.ManyConfig", "ManyConfig\OKS.ManyConfig.csproj", "{743C56C0-6589-4A8C-9FAC-DD5ADF7CA52A}"
EndProject
Project("{FAE04EC0-301F-11D3-BF4B-00C04F79EFBC}") = "OKS.ManyService.Web", "Service\OKS.ManyService.Web\OKS.ManyService.Web.csproj", "{2E6740AF-173E-4D59-9DBF-0BFDABF34582}"
EndProject
Project("{FAE04EC0-301F-11D3-BF4B-00C04F79EFBC}") = "OKS.ManyWinService", "WinService\OKS.ManyWinService\OKS.ManyWinService.csproj", "{BF673F53-AEA6-498B-BA04-3E99CBF2AF70}"
EndProject
Project("{FAE04EC0-301F-11D3-BF4B-00C04F79EFBC}") = "OKS.ManyAdmin.Web", "Admin\OKS.ManyAdmin.Web\OKS.ManyAdmin.Web.csproj", "{69DEDC3A-B948-4AE9-8C5F-698AAA6159D5}"
EndProject
Project("{FAE04EC0-301F-11D3-BF4B-00C04F79EFBC}") = "OKS.ManyTeacher.Web", "Teacher\OKS.ManyTeacher.Web\OKS.ManyTeacher.Web.csproj", "{253C3E61-982D-46E0-BAAE-9C3DE10EB324}"
EndProject
Project("{FAE04EC0-301F-11D3-BF4B-00C04F79EFBC}") = "OKS.WeChat", "Modules\OKS.WeChat\OKS.WeChat.csproj", "{226E3026-88F6-44F4-9181-66B238E49061}"
EndProject
Project("{FAE04EC0-301F-11D3-BF4B-00C04F79EFBC}") = "OKS.ThirdUtils", "Modules\OKS.ThirdUtils\OKS.ThirdUtils.csproj", "{94A73576-C3E1-4914-8E3E-562EEC3CFED7}"
EndProject
Project("{FAE04EC0-301F-11D3-BF4B-00C04F79EFBC}") = "OKS.Template", "Modules\OKS.Template\OKS.Template.csproj", "{9E90A7EF-916F-414D-A04D-11AFE8878523}"
EndProject
Project("{FAE04EC0-301F-11D3-BF4B-00C04F79EFBC}") = "OKS.Log4Net", "Modules\OKS.Log4Net\OKS.Log4Net.csproj", "{2438A1D1-9DE7-4935-8EDA-20099AD62B10}"
EndProject
Project("{FAE04EC0-301F-11D3-BF4B-00C04F79EFBC}") = "OKS.AutoMapper", "Modules\OKS.AutoMapper\OKS.AutoMapper.csproj", "{E323332B-9E07-4190-87F7-8831F80FF6F1}"
EndProject
Global
	GlobalSection(SolutionConfigurationPlatforms) = preSolution
		Debug|Any CPU = Debug|Any CPU
		Release|Any CPU = Release|Any CPU
	EndGlobalSection
	GlobalSection(ProjectConfigurationPlatforms) = postSolution
		{1CA6DC2C-D907-4A3B-B603-B886B49DB52E}.Debug|Any CPU.ActiveCfg = Debug|Any CPU
		{1CA6DC2C-D907-4A3B-B603-B886B49DB52E}.Debug|Any CPU.Build.0 = Debug|Any CPU
		{1CA6DC2C-D907-4A3B-B603-B886B49DB52E}.Release|Any CPU.ActiveCfg = Release|Any CPU
		{1CA6DC2C-D907-4A3B-B603-B886B49DB52E}.Release|Any CPU.Build.0 = Release|Any CPU
		{D53372DA-5BF5-4917-9DF9-E07E155851FB}.Debug|Any CPU.ActiveCfg = Debug|Any CPU
		{D53372DA-5BF5-4917-9DF9-E07E155851FB}.Debug|Any CPU.Build.0 = Debug|Any CPU
		{D53372DA-5BF5-4917-9DF9-E07E155851FB}.Release|Any CPU.ActiveCfg = Release|Any CPU
		{D53372DA-5BF5-4917-9DF9-E07E155851FB}.Release|Any CPU.Build.0 = Release|Any CPU
		{1F7D42E8-17B9-4ABC-B7A7-8B8B4D367C88}.Debug|Any CPU.ActiveCfg = Debug|Any CPU
		{1F7D42E8-17B9-4ABC-B7A7-8B8B4D367C88}.Debug|Any CPU.Build.0 = Debug|Any CPU
		{1F7D42E8-17B9-4ABC-B7A7-8B8B4D367C88}.Release|Any CPU.ActiveCfg = Release|Any CPU
		{1F7D42E8-17B9-4ABC-B7A7-8B8B4D367C88}.Release|Any CPU.Build.0 = Release|Any CPU
		{F4AA4056-D923-46B3-A511-34641FCA12A2}.Debug|Any CPU.ActiveCfg = Debug|Any CPU
		{F4AA4056-D923-46B3-A511-34641FCA12A2}.Debug|Any CPU.Build.0 = Debug|Any CPU
		{F4AA4056-D923-46B3-A511-34641FCA12A2}.Release|Any CPU.ActiveCfg = Release|Any CPU
		{F4AA4056-D923-46B3-A511-34641FCA12A2}.Release|Any CPU.Build.0 = Release|Any CPU
		{EE5A09FC-2610-4E4E-B39C-7E7BFE8D79E5}.Debug|Any CPU.ActiveCfg = Debug|Any CPU
		{EE5A09FC-2610-4E4E-B39C-7E7BFE8D79E5}.Debug|Any CPU.Build.0 = Debug|Any CPU
		{EE5A09FC-2610-4E4E-B39C-7E7BFE8D79E5}.Release|Any CPU.ActiveCfg = Release|Any CPU
		{EE5A09FC-2610-4E4E-B39C-7E7BFE8D79E5}.Release|Any CPU.Build.0 = Release|Any CPU
		{077AAB50-3BE3-4787-ACEC-121BEECCD778}.Debug|Any CPU.ActiveCfg = Debug|Any CPU
		{077AAB50-3BE3-4787-ACEC-121BEECCD778}.Debug|Any CPU.Build.0 = Debug|Any CPU
		{077AAB50-3BE3-4787-ACEC-121BEECCD778}.Release|Any CPU.ActiveCfg = Release|Any CPU
		{077AAB50-3BE3-4787-ACEC-121BEECCD778}.Release|Any CPU.Build.0 = Release|Any CPU
		{F99FA016-867F-4E45-B27E-D469513E6DDA}.Debug|Any CPU.ActiveCfg = Debug|Any CPU
		{F99FA016-867F-4E45-B27E-D469513E6DDA}.Debug|Any CPU.Build.0 = Debug|Any CPU
		{F99FA016-867F-4E45-B27E-D469513E6DDA}.Release|Any CPU.ActiveCfg = Release|Any CPU
		{F99FA016-867F-4E45-B27E-D469513E6DDA}.Release|Any CPU.Build.0 = Release|Any CPU
		{23F9713B-C54B-452E-B102-E1465A3D1EDC}.Debug|Any CPU.ActiveCfg = Debug|Any CPU
		{23F9713B-C54B-452E-B102-E1465A3D1EDC}.Debug|Any CPU.Build.0 = Debug|Any CPU
		{23F9713B-C54B-452E-B102-E1465A3D1EDC}.Release|Any CPU.ActiveCfg = Release|Any CPU
		{23F9713B-C54B-452E-B102-E1465A3D1EDC}.Release|Any CPU.Build.0 = Release|Any CPU
		{9E42C235-DD26-4973-9826-36D9C8B0AD1F}.Debug|Any CPU.ActiveCfg = Debug|Any CPU
		{9E42C235-DD26-4973-9826-36D9C8B0AD1F}.Debug|Any CPU.Build.0 = Debug|Any CPU
		{9E42C235-DD26-4973-9826-36D9C8B0AD1F}.Release|Any CPU.ActiveCfg = Release|Any CPU
		{9E42C235-DD26-4973-9826-36D9C8B0AD1F}.Release|Any CPU.Build.0 = Release|Any CPU
		{E71FBF9D-A541-4717-BC58-7B93A749375D}.Debug|Any CPU.ActiveCfg = Debug|Any CPU
		{E71FBF9D-A541-4717-BC58-7B93A749375D}.Debug|Any CPU.Build.0 = Debug|Any CPU
		{E71FBF9D-A541-4717-BC58-7B93A749375D}.Release|Any CPU.ActiveCfg = Release|Any CPU
		{E71FBF9D-A541-4717-BC58-7B93A749375D}.Release|Any CPU.Build.0 = Release|Any CPU
		{743C56C0-6589-4A8C-9FAC-DD5ADF7CA52A}.Debug|Any CPU.ActiveCfg = Debug|Any CPU
		{743C56C0-6589-4A8C-9FAC-DD5ADF7CA52A}.Debug|Any CPU.Build.0 = Debug|Any CPU
		{743C56C0-6589-4A8C-9FAC-DD5ADF7CA52A}.Release|Any CPU.ActiveCfg = Release|Any CPU
		{743C56C0-6589-4A8C-9FAC-DD5ADF7CA52A}.Release|Any CPU.Build.0 = Release|Any CPU
		{2E6740AF-173E-4D59-9DBF-0BFDABF34582}.Debug|Any CPU.ActiveCfg = Debug|Any CPU
		{2E6740AF-173E-4D59-9DBF-0BFDABF34582}.Debug|Any CPU.Build.0 = Debug|Any CPU
		{2E6740AF-173E-4D59-9DBF-0BFDABF34582}.Release|Any CPU.ActiveCfg = Release|Any CPU
		{2E6740AF-173E-4D59-9DBF-0BFDABF34582}.Release|Any CPU.Build.0 = Release|Any CPU
		{BF673F53-AEA6-498B-BA04-3E99CBF2AF70}.Debug|Any CPU.ActiveCfg = Debug|Any CPU
		{BF673F53-AEA6-498B-BA04-3E99CBF2AF70}.Debug|Any CPU.Build.0 = Debug|Any CPU
		{BF673F53-AEA6-498B-BA04-3E99CBF2AF70}.Release|Any CPU.ActiveCfg = Release|Any CPU
		{BF673F53-AEA6-498B-BA04-3E99CBF2AF70}.Release|Any CPU.Build.0 = Release|Any CPU
		{69DEDC3A-B948-4AE9-8C5F-698AAA6159D5}.Debug|Any CPU.ActiveCfg = Debug|Any CPU
		{69DEDC3A-B948-4AE9-8C5F-698AAA6159D5}.Debug|Any CPU.Build.0 = Debug|Any CPU
		{69DEDC3A-B948-4AE9-8C5F-698AAA6159D5}.Release|Any CPU.ActiveCfg = Release|Any CPU
		{69DEDC3A-B948-4AE9-8C5F-698AAA6159D5}.Release|Any CPU.Build.0 = Release|Any CPU
		{253C3E61-982D-46E0-BAAE-9C3DE10EB324}.Debug|Any CPU.ActiveCfg = Debug|Any CPU
		{253C3E61-982D-46E0-BAAE-9C3DE10EB324}.Debug|Any CPU.Build.0 = Debug|Any CPU
		{253C3E61-982D-46E0-BAAE-9C3DE10EB324}.Release|Any CPU.ActiveCfg = Release|Any CPU
		{253C3E61-982D-46E0-BAAE-9C3DE10EB324}.Release|Any CPU.Build.0 = Release|Any CPU
		{226E3026-88F6-44F4-9181-66B238E49061}.Debug|Any CPU.ActiveCfg = Debug|Any CPU
		{226E3026-88F6-44F4-9181-66B238E49061}.Debug|Any CPU.Build.0 = Debug|Any CPU
		{226E3026-88F6-44F4-9181-66B238E49061}.Release|Any CPU.ActiveCfg = Release|Any CPU
		{226E3026-88F6-44F4-9181-66B238E49061}.Release|Any CPU.Build.0 = Release|Any CPU
		{94A73576-C3E1-4914-8E3E-562EEC3CFED7}.Debug|Any CPU.ActiveCfg = Debug|Any CPU
		{94A73576-C3E1-4914-8E3E-562EEC3CFED7}.Debug|Any CPU.Build.0 = Debug|Any CPU
		{94A73576-C3E1-4914-8E3E-562EEC3CFED7}.Release|Any CPU.ActiveCfg = Release|Any CPU
		{94A73576-C3E1-4914-8E3E-562EEC3CFED7}.Release|Any CPU.Build.0 = Release|Any CPU
		{9E90A7EF-916F-414D-A04D-11AFE8878523}.Debug|Any CPU.ActiveCfg = Debug|Any CPU
		{9E90A7EF-916F-414D-A04D-11AFE8878523}.Debug|Any CPU.Build.0 = Debug|Any CPU
		{9E90A7EF-916F-414D-A04D-11AFE8878523}.Release|Any CPU.ActiveCfg = Release|Any CPU
		{9E90A7EF-916F-414D-A04D-11AFE8878523}.Release|Any CPU.Build.0 = Release|Any CPU
		{2438A1D1-9DE7-4935-8EDA-20099AD62B10}.Debug|Any CPU.ActiveCfg = Debug|Any CPU
		{2438A1D1-9DE7-4935-8EDA-20099AD62B10}.Debug|Any CPU.Build.0 = Debug|Any CPU
		{2438A1D1-9DE7-4935-8EDA-20099AD62B10}.Release|Any CPU.ActiveCfg = Release|Any CPU
		{2438A1D1-9DE7-4935-8EDA-20099AD62B10}.Release|Any CPU.Build.0 = Release|Any CPU
		{E323332B-9E07-4190-87F7-8831F80FF6F1}.Debug|Any CPU.ActiveCfg = Debug|Any CPU
		{E323332B-9E07-4190-87F7-8831F80FF6F1}.Debug|Any CPU.Build.0 = Debug|Any CPU
		{E323332B-9E07-4190-87F7-8831F80FF6F1}.Release|Any CPU.ActiveCfg = Release|Any CPU
		{E323332B-9E07-4190-87F7-8831F80FF6F1}.Release|Any CPU.Build.0 = Release|Any CPU
	EndGlobalSection
	GlobalSection(SolutionProperties) = preSolution
		HideSolutionNode = FALSE
	EndGlobalSection
	GlobalSection(NestedProjects) = preSolution
		{1CA6DC2C-D907-4A3B-B603-B886B49DB52E} = {780EE1DE-AEC8-48E9-B291-7A38DC301826}
		{D53372DA-5BF5-4917-9DF9-E07E155851FB} = {C103CE6C-84C6-4347-8638-D9FEC1DDEBC8}
		{1F7D42E8-17B9-4ABC-B7A7-8B8B4D367C88} = {C103CE6C-84C6-4347-8638-D9FEC1DDEBC8}
		{F4AA4056-D923-46B3-A511-34641FCA12A2} = {C103CE6C-84C6-4347-8638-D9FEC1DDEBC8}
		{EE5A09FC-2610-4E4E-B39C-7E7BFE8D79E5} = {C103CE6C-84C6-4347-8638-D9FEC1DDEBC8}
		{077AAB50-3BE3-4787-ACEC-121BEECCD778} = {C103CE6C-84C6-4347-8638-D9FEC1DDEBC8}
		{F99FA016-867F-4E45-B27E-D469513E6DDA} = {C37F76E2-100D-46D6-AE01-5C810B69DC42}
		{23F9713B-C54B-452E-B102-E1465A3D1EDC} = {C37F76E2-100D-46D6-AE01-5C810B69DC42}
		{9E42C235-DD26-4973-9826-36D9C8B0AD1F} = {9C6205F6-78E6-4ED8-80BE-0C759465D811}
		{E71FBF9D-A541-4717-BC58-7B93A749375D} = {C103CE6C-84C6-4347-8638-D9FEC1DDEBC8}
		{743C56C0-6589-4A8C-9FAC-DD5ADF7CA52A} = {80508B7D-12F4-481B-9254-6BCF059148FC}
		{2E6740AF-173E-4D59-9DBF-0BFDABF34582} = {9C6205F6-78E6-4ED8-80BE-0C759465D811}
		{BF673F53-AEA6-498B-BA04-3E99CBF2AF70} = {9C6205F6-78E6-4ED8-80BE-0C759465D811}
		{69DEDC3A-B948-4AE9-8C5F-698AAA6159D5} = {780EE1DE-AEC8-48E9-B291-7A38DC301826}
		{226E3026-88F6-44F4-9181-66B238E49061} = {C103CE6C-84C6-4347-8638-D9FEC1DDEBC8}
		{94A73576-C3E1-4914-8E3E-562EEC3CFED7} = {C103CE6C-84C6-4347-8638-D9FEC1DDEBC8}
		{9E90A7EF-916F-414D-A04D-11AFE8878523} = {C103CE6C-84C6-4347-8638-D9FEC1DDEBC8}
		{2438A1D1-9DE7-4935-8EDA-20099AD62B10} = {C103CE6C-84C6-4347-8638-D9FEC1DDEBC8}
		{E323332B-9E07-4190-87F7-8831F80FF6F1} = {C103CE6C-84C6-4347-8638-D9FEC1DDEBC8}
	EndGlobalSection
EndGlobal
